
Microsoft Visual Studio Solution File, Format Version 12.00
# Visual Studio 14
VisualStudioVersion = 14.0.24720.0
MinimumVisualStudioVersion = 10.0.40219.1
Project("{8BC9CEB8-8B4A-11D0-8D11-00A0C91BC942}") = "MXFSource", "MXFSource.vcxproj", "{5A0C048F-66EF-44D0-B79B-F7FAAB0B4B9D}"
EndProject
Global
	GlobalSection(SolutionConfigurationPlatforms) = preSolution
		Debug|Win32 = Debug|Win32
		Release|Win32 = Release|Win32
	EndGlobalSection
	GlobalSection(ProjectConfigurationPlatforms) = postSolution
		{5A0C048F-66EF-44D0-B79B-F7FAAB0B4B9D}.Debug|Win32.ActiveCfg = Debug|Win32
		{5A0C048F-66EF-44D0-B79B-F7FAAB0B4B9D}.Debug|Win32.Build.0 = Debug|Win32
		{5A0C048F-66EF-44D0-B79B-F7FAAB0B4B9D}.Release|Win32.ActiveCfg = Release|Win32
		{5A0C048F-66EF-44D0-B79B-F7FAAB0B4B9D}.Release|Win32.Build.0 = Release|Win32
	EndGlobalSection
	GlobalSection(SolutionProperties) = preSolution
		HideSolutionNode = FALSE
	EndGlobalSection
EndGlobal
